
Microsoft Visual Studio Solution File, Format Version 12.00
# Visual Studio Version 17
VisualStudioVersion = 17.0.31903.59
MinimumVisualStudioVersion = 10.0.40219.1
Project("{2150E333-8FDC-42A3-9474-1A3956D46DE8}") = "src", "src", "{827E0CD3-B72D-47B6-A68D-7590B98EB39B}"
EndProject
Project("{2150E333-8FDC-42A3-9474-1A3956D46DE8}") = "TwinCatAutomationKit.Abstractions", "TwinCatAutomationKit.Abstractions", "{7D9D7229-4873-F11C-B9E4-878830458711}"
EndProject
Project("{FAE04EC0-301F-11D3-BF4B-00C04F79EFBC}") = "TwinCatAutomationKit.Abstractions", "src\TwinCatAutomationKit.Abstractions\TwinCatAutomationKit.Abstractions\TwinCatAutomationKit.Abstractions.csproj", "{040CCBE4-586E-47AF-94C9-0361061BCF4D}"
EndProject
Project("{FAE04EC0-301F-11D3-BF4B-00C04F79EFBC}") = "TwinCatAutomationKit.Core", "src\TwinCatAutomationKit.Core\TwinCatAutomationKit.Core\TwinCatAutomationKit.Core.csproj", "{5351BC66-15FC-41C1-917F-5B345FF8F707}"
EndProject
Project("{FAE04EC0-301F-11D3-BF4B-00C04F79EFBC}") = "TwinCatAutomationKit.TwinCat", "src\TwinCatAutomationKit.TwinCat\TwinCatAutomationKit.TwinCat\TwinCatAutomationKit.TwinCat.csproj", "{7568A664-7239-4361-94A0-B14F8DC26922}"
EndProject
Project("{FAE04EC0-301F-11D3-BF4B-00C04F79EFBC}") = "TwinCatAutomationKit.Cli", "src\TwinCatAutomationKit.Cli\TwinCatAutomationKit.Cli\TwinCatAutomationKit.Cli.csproj", "{37B23D81-A87A-47CB-A32F-04C953D7B121}"
EndProject
Project("{2150E333-8FDC-42A3-9474-1A3956D46DE8}") = "tests", "tests", "{0AB3BF05-4346-4AA6-1389-037BE0695223}"
EndProject
Project("{2150E333-8FDC-42A3-9474-1A3956D46DE8}") = "TwinCatAutomationKit.IntegrationTests", "TwinCatAutomationKit.IntegrationTests", "{090AF844-0C5A-7F4D-5105-70480FF97326}"
EndProject
Project("{FAE04EC0-301F-11D3-BF4B-00C04F79EFBC}") = "TwinCatAutomationKit.IntegrationTests", "tests\TwinCatAutomationKit.IntegrationTests\TwinCatAutomationKit.IntegrationTests\TwinCatAutomationKit.IntegrationTests.csproj", "{D8F26833-3E34-428F-B67F-6C13D5912DCE}"
EndProject
Global
	GlobalSection(SolutionConfigurationPlatforms) = preSolution
		Debug|Any CPU = Debug|Any CPU
		Debug|x64 = Debug|x64
		Debug|x86 = Debug|x86
		Release|Any CPU = Release|Any CPU
		Release|x64 = Release|x64
		Release|x86 = Release|x86
	EndGlobalSection
	GlobalSection(ProjectConfigurationPlatforms) = postSolution
		{040CCBE4-586E-47AF-94C9-0361061BCF4D}.Debug|Any CPU.ActiveCfg = Debug|Any CPU
		{040CCBE4-586E-47AF-94C9-0361061BCF4D}.Debug|Any CPU.Build.0 = Debug|Any CPU
		{040CCBE4-586E-47AF-94C9-0361061BCF4D}.Debug|x64.ActiveCfg = Debug|Any CPU
		{040CCBE4-586E-47AF-94C9-0361061BCF4D}.Debug|x64.Build.0 = Debug|Any CPU
		{040CCBE4-586E-47AF-94C9-0361061BCF4D}.Debug|x86.ActiveCfg = Debug|Any CPU
		{040CCBE4-586E-47AF-94C9-0361061BCF4D}.Debug|x86.Build.0 = Debug|Any CPU
		{040CCBE4-586E-47AF-94C9-0361061BCF4D}.Release|Any CPU.ActiveCfg = Release|Any CPU
		{040CCBE4-586E-47AF-94C9-0361061BCF4D}.Release|Any CPU.Build.0 = Release|Any CPU
		{040CCBE4-586E-47AF-94C9-0361061BCF4D}.Release|x64.ActiveCfg = Release|Any CPU
		{040CCBE4-586E-47AF-94C9-0361061BCF4D}.Release|x64.Build.0 = Release|Any CPU
		{040CCBE4-586E-47AF-94C9-0361061BCF4D}.Release|x86.ActiveCfg = Release|Any CPU
		{040CCBE4-586E-47AF-94C9-0361061BCF4D}.Release|x86.Build.0 = Release|Any CPU
		{5351BC66-15FC-41C1-917F-5B345FF8F707}.Debug|Any CPU.ActiveCfg = Debug|Any CPU
		{5351BC66-15FC-41C1-917F-5B345FF8F707}.Debug|Any CPU.Build.0 = Debug|Any CPU
		{5351BC66-15FC-41C1-917F-5B345FF8F707}.Debug|x64.ActiveCfg = Debug|Any CPU
		{5351BC66-15FC-41C1-917F-5B345FF8F707}.Debug|x64.Build.0 = Debug|Any CPU
		{5351BC66-15FC-41C1-917F-5B345FF8F707}.Debug|x86.ActiveCfg = Debug|Any CPU
		{5351BC66-15FC-41C1-917F-5B345FF8F707}.Debug|x86.Build.0 = Debug|Any CPU
		{5351BC66-15FC-41C1-917F-5B345FF8F707}.Release|Any CPU.ActiveCfg = Release|Any CPU
		{5351BC66-15FC-41C1-917F-5B345FF8F707}.Release|Any CPU.Build.0 = Release|Any CPU
		{5351BC66-15FC-41C1-917F-5B345FF8F707}.Release|x64.ActiveCfg = Release|Any CPU
		{5351BC66-15FC-41C1-917F-5B345FF8F707}.Release|x64.Build.0 = Release|Any CPU
		{5351BC66-15FC-41C1-917F-5B345FF8F707}.Release|x86.ActiveCfg = Release|Any CPU
		{5351BC66-15FC-41C1-917F-5B345FF8F707}.Release|x86.Build.0 = Release|Any CPU
		{7568A664-7239-4361-94A0-B14F8DC26922}.Debug|Any CPU.ActiveCfg = Debug|Any CPU
		{7568A664-7239-4361-94A0-B14F8DC26922}.Debug|Any CPU.Build.0 = Debug|Any CPU
		{7568A664-7239-4361-94A0-B14F8DC26922}.Debug|x64.ActiveCfg = Debug|Any CPU
		{7568A664-7239-4361-94A0-B14F8DC26922}.Debug|x64.Build.0 = Debug|Any CPU
		{7568A664-7239-4361-94A0-B14F8DC26922}.Debug|x86.ActiveCfg = Debug|Any CPU
		{7568A664-7239-4361-94A0-B14F8DC26922}.Debug|x86.Build.0 = Debug|Any CPU
		{7568A664-7239-4361-94A0-B14F8DC26922}.Release|Any CPU.ActiveCfg = Release|Any CPU
		{7568A664-7239-4361-94A0-B14F8DC26922}.Release|Any CPU.Build.0 = Release|Any CPU
		{7568A664-7239-4361-94A0-B14F8DC26922}.Release|x64.ActiveCfg = Release|Any CPU
		{7568A664-7239-4361-94A0-B14F8DC26922}.Release|x64.Build.0 = Release|Any CPU
		{7568A664-7239-4361-94A0-B14F8DC26922}.Release|x86.ActiveCfg = Release|Any CPU
		{7568A664-7239-4361-94A0-B14F8DC26922}.Release|x86.Build.0 = Release|Any CPU
		{37B23D81-A87A-47CB-A32F-04C953D7B121}.Debug|Any CPU.ActiveCfg = Debug|Any CPU
		{37B23D81-A87A-47CB-A32F-04C953D7B121}.Debug|Any CPU.Build.0 = Debug|Any CPU
		{37B23D81-A87A-47CB-A32F-04C953D7B121}.Debug|x64.ActiveCfg = Debug|Any CPU
		{37B23D81-A87A-47CB-A32F-04C953D7B121}.Debug|x64.Build.0 = Debug|Any CPU
		{37B23D81-A87A-47CB-A32F-04C953D7B121}.Debug|x86.ActiveCfg = Debug|Any CPU
		{37B23D81-A87A-47CB-A32F-04C953D7B121}.Debug|x86.Build.0 = Debug|Any CPU
		{37B23D81-A87A-47CB-A32F-04C953D7B121}.Release|Any CPU.ActiveCfg = Release|Any CPU
		{37B23D81-A87A-47CB-A32F-04C953D7B121}.Release|Any CPU.Build.0 = Release|Any CPU
		{37B23D81-A87A-47CB-A32F-04C953D7B121}.Release|x64.ActiveCfg = Release|Any CPU
		{37B23D81-A87A-47CB-A32F-04C953D7B121}.Release|x64.Build.0 = Release|Any CPU
		{37B23D81-A87A-47CB-A32F-04C953D7B121}.Release|x86.ActiveCfg = Release|Any CPU
		{37B23D81-A87A-47CB-A32F-04C953D7B121}.Release|x86.Build.0 = Release|Any CPU
		{D8F26833-3E34-428F-B67F-6C13D5912DCE}.Debug|Any CPU.ActiveCfg = Debug|Any CPU
		{D8F26833-3E34-428F-B67F-6C13D5912DCE}.Debug|Any CPU.Build.0 = Debug|Any CPU
		{D8F26833-3E34-428F-B67F-6C13D5912DCE}.Debug|x64.ActiveCfg = Debug|Any CPU
		{D8F26833-3E34-428F-B67F-6C13D5912DCE}.Debug|x64.Build.0 = Debug|Any CPU
		{D8F26833-3E34-428F-B67F-6C13D5912DCE}.Debug|x86.ActiveCfg = Debug|Any CPU
		{D8F26833-3E34-428F-B67F-6C13D5912DCE}.Debug|x86.Build.0 = Debug|Any CPU
		{D8F26833-3E34-428F-B67F-6C13D5912DCE}.Release|Any CPU.ActiveCfg = Release|Any CPU
		{D8F26833-3E34-428F-B67F-6C13D5912DCE}.Release|Any CPU.Build.0 = Release|Any CPU
		{D8F26833-3E34-428F-B67F-6C13D5912DCE}.Release|x64.ActiveCfg = Release|Any CPU
		{D8F26833-3E34-428F-B67F-6C13D5912DCE}.Release|x64.Build.0 = Release|Any CPU
		{D8F26833-3E34-428F-B67F-6C13D5912DCE}.Release|x86.ActiveCfg = Release|Any CPU
		{D8F26833-3E34-428F-B67F-6C13D5912DCE}.Release|x86.Build.0 = Release|Any CPU
	EndGlobalSection
	GlobalSection(SolutionProperties) = preSolution
		HideSolutionNode = FALSE
	EndGlobalSection
	GlobalSection(NestedProjects) = preSolution
		{7D9D7229-4873-F11C-B9E4-878830458711} = {827E0CD3-B72D-47B6-A68D-7590B98EB39B}
		{040CCBE4-586E-47AF-94C9-0361061BCF4D} = {7D9D7229-4873-F11C-B9E4-878830458711}
		{5351BC66-15FC-41C1-917F-5B345FF8F707} = {7D9D7229-4873-F11C-B9E4-878830458711}
		{7568A664-7239-4361-94A0-B14F8DC26922} = {7D9D7229-4873-F11C-B9E4-878830458711}
		{37B23D81-A87A-47CB-A32F-04C953D7B121} = {7D9D7229-4873-F11C-B9E4-878830458711}
		{090AF844-0C5A-7F4D-5105-70480FF97326} = {0AB3BF05-4346-4AA6-1389-037BE0695223}
		{D8F26833-3E34-428F-B67F-6C13D5912DCE} = {090AF844-0C5A-7F4D-5105-70480FF97326}
	EndGlobalSection
EndGlobal
